
Microsoft Visual Studio Solution File, Format Version 12.00
# Visual Studio 14
VisualStudioVersion = 14.0.24720.0
MinimumVisualStudioVersion = 10.0.40219.1
Project("{FAE04EC0-301F-11D3-BF4B-00C04F79EFBC}") = "SOLIDPrinzipien", "SOLIDPrinzipien\SOLIDPrinzipien.csproj", "{EBF82C7F-55DB-40A2-873F-BB7FA9545098}"
EndProject
Project("{FAE04EC0-301F-11D3-BF4B-00C04F79EFBC}") = "Refactoring", "Refactoring\Refactoring.csproj", "{5A882621-B46A-490E-9296-4EFC109E6756}"
EndProject
Global
	GlobalSection(SolutionConfigurationPlatforms) = preSolution
		Debug|Any CPU = Debug|Any CPU
		Release|Any CPU = Release|Any CPU
	EndGlobalSection
	GlobalSection(ProjectConfigurationPlatforms) = postSolution
		{EBF82C7F-55DB-40A2-873F-BB7FA9545098}.Debug|Any CPU.ActiveCfg = Debug|Any CPU
		{EBF82C7F-55DB-40A2-873F-BB7FA9545098}.Debug|Any CPU.Build.0 = Debug|Any CPU
		{EBF82C7F-55DB-40A2-873F-BB7FA9545098}.Release|Any CPU.ActiveCfg = Release|Any CPU
		{EBF82C7F-55DB-40A2-873F-BB7FA9545098}.Release|Any CPU.Build.0 = Release|Any CPU
		{5A882621-B46A-490E-9296-4EFC109E6756}.Debug|Any CPU.ActiveCfg = Debug|Any CPU
		{5A882621-B46A-490E-9296-4EFC109E6756}.Debug|Any CPU.Build.0 = Debug|Any CPU
		{5A882621-B46A-490E-9296-4EFC109E6756}.Release|Any CPU.ActiveCfg = Release|Any CPU
		{5A882621-B46A-490E-9296-4EFC109E6756}.Release|Any CPU.Build.0 = Release|Any CPU
	EndGlobalSection
	GlobalSection(SolutionProperties) = preSolution
		HideSolutionNode = FALSE
	EndGlobalSection
EndGlobal
